
Microsoft Visual Studio Solution File, Format Version 12.00
# Visual Studio Version 17
VisualStudioVersion = 17.1.32328.378
MinimumVisualStudioVersion = 10.0.40219.1
Project("{2150E333-8FDC-42A3-9474-1A3956D46DE8}") = "src", "src", "{EA218A86-DC7C-422E-8254-9077133ED9D8}"
EndProject
Project("{2150E333-8FDC-42A3-9474-1A3956D46DE8}") = "test", "test", "{EE297D7E-AAE2-49CF-A916-BD40D8B1E513}"
EndProject
Project("{FAE04EC0-301F-11D3-BF4B-00C04F79EFBC}") = "DoctorPatient.Entities", "DoctorPatient.Entities\DoctorPatient.Entities.csproj", "{D9237223-CE19-4F6B-BFE0-1DB524F41E06}"
EndProject
Project("{FAE04EC0-301F-11D3-BF4B-00C04F79EFBC}") = "DoctorPatient.Infrastructure", "DoctorPatient.Infrastructure\DoctorPatient.Infrastructure.csproj", "{1ADB50A7-1879-478A-A7A1-3445CCF37AD3}"
EndProject
Project("{FAE04EC0-301F-11D3-BF4B-00C04F79EFBC}") = "DoctorPatient.Migrations", "DoctorPatient.Migrations\DoctorPatient.Migrations.csproj", "{76F3CF6D-041F-41E2-9FD5-395C5E89F9C8}"
EndProject
Project("{FAE04EC0-301F-11D3-BF4B-00C04F79EFBC}") = "DoctorPatient.Persistence.EF", "DoctorPatient.Persistence.EF\DoctorPatient.Persistence.EF.csproj", "{805000FD-C6C6-4632-B403-13366C902755}"
EndProject
Global
	GlobalSection(SolutionConfigurationPlatforms) = preSolution
		Debug|Any CPU = Debug|Any CPU
		Release|Any CPU = Release|Any CPU
	EndGlobalSection
	GlobalSection(ProjectConfigurationPlatforms) = postSolution
		{D9237223-CE19-4F6B-BFE0-1DB524F41E06}.Debug|Any CPU.ActiveCfg = Debug|Any CPU
		{D9237223-CE19-4F6B-BFE0-1DB524F41E06}.Debug|Any CPU.Build.0 = Debug|Any CPU
		{D9237223-CE19-4F6B-BFE0-1DB524F41E06}.Release|Any CPU.ActiveCfg = Release|Any CPU
		{D9237223-CE19-4F6B-BFE0-1DB524F41E06}.Release|Any CPU.Build.0 = Release|Any CPU
		{1ADB50A7-1879-478A-A7A1-3445CCF37AD3}.Debug|Any CPU.ActiveCfg = Debug|Any CPU
		{1ADB50A7-1879-478A-A7A1-3445CCF37AD3}.Debug|Any CPU.Build.0 = Debug|Any CPU
		{1ADB50A7-1879-478A-A7A1-3445CCF37AD3}.Release|Any CPU.ActiveCfg = Release|Any CPU
		{1ADB50A7-1879-478A-A7A1-3445CCF37AD3}.Release|Any CPU.Build.0 = Release|Any CPU
		{76F3CF6D-041F-41E2-9FD5-395C5E89F9C8}.Debug|Any CPU.ActiveCfg = Debug|Any CPU
		{76F3CF6D-041F-41E2-9FD5-395C5E89F9C8}.Debug|Any CPU.Build.0 = Debug|Any CPU
		{76F3CF6D-041F-41E2-9FD5-395C5E89F9C8}.Release|Any CPU.ActiveCfg = Release|Any CPU
		{76F3CF6D-041F-41E2-9FD5-395C5E89F9C8}.Release|Any CPU.Build.0 = Release|Any CPU
		{805000FD-C6C6-4632-B403-13366C902755}.Debug|Any CPU.ActiveCfg = Debug|Any CPU
		{805000FD-C6C6-4632-B403-13366C902755}.Debug|Any CPU.Build.0 = Debug|Any CPU
		{805000FD-C6C6-4632-B403-13366C902755}.Release|Any CPU.ActiveCfg = Release|Any CPU
		{805000FD-C6C6-4632-B403-13366C902755}.Release|Any CPU.Build.0 = Release|Any CPU
	EndGlobalSection
	GlobalSection(SolutionProperties) = preSolution
		HideSolutionNode = FALSE
	EndGlobalSection
	GlobalSection(NestedProjects) = preSolution
		{D9237223-CE19-4F6B-BFE0-1DB524F41E06} = {EA218A86-DC7C-422E-8254-9077133ED9D8}
		{1ADB50A7-1879-478A-A7A1-3445CCF37AD3} = {EA218A86-DC7C-422E-8254-9077133ED9D8}
		{76F3CF6D-041F-41E2-9FD5-395C5E89F9C8} = {EA218A86-DC7C-422E-8254-9077133ED9D8}
		{805000FD-C6C6-4632-B403-13366C902755} = {EA218A86-DC7C-422E-8254-9077133ED9D8}
	EndGlobalSection
	GlobalSection(ExtensibilityGlobals) = postSolution
		SolutionGuid = {47E5F050-2835-42B1-A415-67D1978D0271}
	EndGlobalSection
EndGlobal
